
Microsoft Visual Studio Solution File, Format Version 11.00
# Visual Studio 2010
Project("{FAE04EC0-301F-11D3-BF4B-00C04F79EFBC}") = "Oculus.Platform", "Oculus.Platform.csproj", "{0ebf480d-f5da-2210-0295-53e14a63e11d}"
EndProject
Project("{FAE04EC0-301F-11D3-BF4B-00C04F79EFBC}") = "Assembly-CSharp", "Assembly-CSharp.csproj", "{68ff0f41-a6db-697e-7430-3912c3844a67}"
EndProject
Project("{FAE04EC0-301F-11D3-BF4B-00C04F79EFBC}") = "Oculus.Spatializer", "Oculus.Spatializer.csproj", "{f00a4109-cb78-7a5c-1655-d0b09c8eeb11}"
EndProject
Project("{FAE04EC0-301F-11D3-BF4B-00C04F79EFBC}") = "Oculus.Interaction", "Oculus.Interaction.csproj", "{d28aa81c-5ed4-254f-b91f-1c76d5de2bdf}"
EndProject
Project("{FAE04EC0-301F-11D3-BF4B-00C04F79EFBC}") = "Facebook.WitAI", "Facebook.WitAI.csproj", "{da620181-9c70-f0cb-475d-add44c26f747}"
EndProject
Project("{FAE04EC0-301F-11D3-BF4B-00C04F79EFBC}") = "Oculus.VR", "Oculus.VR.csproj", "{eb8bfd48-af0c-23de-dcf6-f2738040980c}"
EndProject
Project("{FAE04EC0-301F-11D3-BF4B-00C04F79EFBC}") = "Oculus.Interaction.Samples", "Oculus.Interaction.Samples.csproj", "{974ad856-3fca-f63b-5a64-99917c36ba42}"
EndProject
Project("{FAE04EC0-301F-11D3-BF4B-00C04F79EFBC}") = "Facebook.Wit.TTS", "Facebook.Wit.TTS.csproj", "{2c45f9a8-b079-f93c-3910-d0193c16d4f7}"
EndProject
Project("{FAE04EC0-301F-11D3-BF4B-00C04F79EFBC}") = "Oculus.AudioManager", "Oculus.AudioManager.csproj", "{d25d9bae-44e5-26cc-dd3d-ed87b6c67bce}"
EndProject
Project("{FAE04EC0-301F-11D3-BF4B-00C04F79EFBC}") = "VoiceSDK.Runtime", "VoiceSDK.Runtime.csproj", "{5fb60171-d7f4-757d-ab03-c98d389c4979}"
EndProject
Project("{FAE04EC0-301F-11D3-BF4B-00C04F79EFBC}") = "Oculus.Voice.Demo", "Oculus.Voice.Demo.csproj", "{5082ab30-6d9d-1713-64d4-e5c7e13eb7b8}"
EndProject
Project("{FAE04EC0-301F-11D3-BF4B-00C04F79EFBC}") = "AssistantCoreSDKRuntime", "AssistantCoreSDKRuntime.csproj", "{7fb13f7e-2ece-2bfd-3670-166f50a41db1}"
EndProject
Project("{FAE04EC0-301F-11D3-BF4B-00C04F79EFBC}") = "Oculus.LipSync", "Oculus.LipSync.csproj", "{5ef78550-4808-9432-74d8-e7397fe37748}"
EndProject
Project("{FAE04EC0-301F-11D3-BF4B-00C04F79EFBC}") = "Facebook.Wit.TTS.Samples", "Facebook.Wit.TTS.Samples.csproj", "{5e16d73e-648a-f8b1-89a6-327bda83eb1c}"
EndProject
Project("{FAE04EC0-301F-11D3-BF4B-00C04F79EFBC}") = "Oculus.Interaction.Editor", "Oculus.Interaction.Editor.csproj", "{f06a89e8-7cd0-a6df-e22d-92e0359c5e9a}"
EndProject
Project("{FAE04EC0-301F-11D3-BF4B-00C04F79EFBC}") = "Facebook.Wit.Editor", "Facebook.Wit.Editor.csproj", "{1c7006ff-367b-7d19-73e6-e4624c257539}"
EndProject
Project("{FAE04EC0-301F-11D3-BF4B-00C04F79EFBC}") = "Assembly-CSharp-Editor", "Assembly-CSharp-Editor.csproj", "{01168f2b-0e42-15f4-e682-538cab30ad28}"
EndProject
Project("{FAE04EC0-301F-11D3-BF4B-00C04F79EFBC}") = "Oculus.Interaction.Samples.Editor", "Oculus.Interaction.Samples.Editor.csproj", "{c34299d6-b2e5-a16c-2fd1-d44508c2ba15}"
EndProject
Project("{FAE04EC0-301F-11D3-BF4B-00C04F79EFBC}") = "Oculus.VR.Editor", "Oculus.VR.Editor.csproj", "{8e1eb977-3013-b81b-68cf-aef3edd0d355}"
EndProject
Project("{FAE04EC0-301F-11D3-BF4B-00C04F79EFBC}") = "VoiceSDK.Editor", "VoiceSDK.Editor.csproj", "{a05e0b9e-aebc-04cd-61c3-7306075841aa}"
EndProject
Project("{FAE04EC0-301F-11D3-BF4B-00C04F79EFBC}") = "Facebook.Wit.TTS.Editor", "Facebook.Wit.TTS.Editor.csproj", "{4c6409c4-967f-70f2-1916-1d178d634adc}"
EndProject
Project("{FAE04EC0-301F-11D3-BF4B-00C04F79EFBC}") = "Oculus.Platform.Editor", "Oculus.Platform.Editor.csproj", "{874a2606-4d57-8b25-4716-60bd853eeb40}"
EndProject
Project("{FAE04EC0-301F-11D3-BF4B-00C04F79EFBC}") = "Oculus.Spatializer.Editor", "Oculus.Spatializer.Editor.csproj", "{5a60b713-bd23-7491-220f-1b76aa284d5e}"
EndProject
Project("{FAE04EC0-301F-11D3-BF4B-00C04F79EFBC}") = "Oculus.AudioManager.Audio.Editor", "Oculus.AudioManager.Audio.Editor.csproj", "{5703f168-b1c9-a162-9f86-b3f6126cca6d}"
EndProject
Project("{FAE04EC0-301F-11D3-BF4B-00C04F79EFBC}") = "Oculus.Interaction.InterfaceSupport", "Oculus.Interaction.InterfaceSupport.csproj", "{d8d86109-cac8-5a53-67fb-4d66afe93ad1}"
EndProject
Project("{FAE04EC0-301F-11D3-BF4B-00C04F79EFBC}") = "Oculus.VR.Scripts.Editor", "Oculus.VR.Scripts.Editor.csproj", "{e12bed7e-50eb-bcef-4c80-31f7d3611bbe}"
EndProject
Project("{FAE04EC0-301F-11D3-BF4B-00C04F79EFBC}") = "Oculus.LipSync.Editor", "Oculus.LipSync.Editor.csproj", "{47666a05-1262-a893-e7a9-fa237b8e5df7}"
EndProject
Project("{FAE04EC0-301F-11D3-BF4B-00C04F79EFBC}") = "AssistantCoreSDKEditor", "AssistantCoreSDKEditor.csproj", "{2e60c6be-6c7c-caec-4b90-f246fdd8dbf0}"
EndProject
Project("{FAE04EC0-301F-11D3-BF4B-00C04F79EFBC}") = "Oculus.AudioManager.Utils.Editor", "Oculus.AudioManager.Utils.Editor.csproj", "{c1d10b3a-54d9-34bb-466e-b079b9fef4c7}"
EndProject
Global
	GlobalSection(SolutionConfigurationPlatforms) = preSolution
		Debug|Any CPU = Debug|Any CPU
	EndGlobalSection
	GlobalSection(ProjectConfigurationPlatforms) = postSolution
		{0ebf480d-f5da-2210-0295-53e14a63e11d}.Debug|Any CPU.ActiveCfg = Debug|Any CPU
		{0ebf480d-f5da-2210-0295-53e14a63e11d}.Debug|Any CPU.Build.0 = Debug|Any CPU
		{68ff0f41-a6db-697e-7430-3912c3844a67}.Debug|Any CPU.ActiveCfg = Debug|Any CPU
		{68ff0f41-a6db-697e-7430-3912c3844a67}.Debug|Any CPU.Build.0 = Debug|Any CPU
		{f00a4109-cb78-7a5c-1655-d0b09c8eeb11}.Debug|Any CPU.ActiveCfg = Debug|Any CPU
		{f00a4109-cb78-7a5c-1655-d0b09c8eeb11}.Debug|Any CPU.Build.0 = Debug|Any CPU
		{d28aa81c-5ed4-254f-b91f-1c76d5de2bdf}.Debug|Any CPU.ActiveCfg = Debug|Any CPU
		{d28aa81c-5ed4-254f-b91f-1c76d5de2bdf}.Debug|Any CPU.Build.0 = Debug|Any CPU
		{da620181-9c70-f0cb-475d-add44c26f747}.Debug|Any CPU.ActiveCfg = Debug|Any CPU
		{da620181-9c70-f0cb-475d-add44c26f747}.Debug|Any CPU.Build.0 = Debug|Any CPU
		{eb8bfd48-af0c-23de-dcf6-f2738040980c}.Debug|Any CPU.ActiveCfg = Debug|Any CPU
		{eb8bfd48-af0c-23de-dcf6-f2738040980c}.Debug|Any CPU.Build.0 = Debug|Any CPU
		{974ad856-3fca-f63b-5a64-99917c36ba42}.Debug|Any CPU.ActiveCfg = Debug|Any CPU
		{974ad856-3fca-f63b-5a64-99917c36ba42}.Debug|Any CPU.Build.0 = Debug|Any CPU
		{2c45f9a8-b079-f93c-3910-d0193c16d4f7}.Debug|Any CPU.ActiveCfg = Debug|Any CPU
		{2c45f9a8-b079-f93c-3910-d0193c16d4f7}.Debug|Any CPU.Build.0 = Debug|Any CPU
		{d25d9bae-44e5-26cc-dd3d-ed87b6c67bce}.Debug|Any CPU.ActiveCfg = Debug|Any CPU
		{d25d9bae-44e5-26cc-dd3d-ed87b6c67bce}.Debug|Any CPU.Build.0 = Debug|Any CPU
		{5fb60171-d7f4-757d-ab03-c98d389c4979}.Debug|Any CPU.ActiveCfg = Debug|Any CPU
		{5fb60171-d7f4-757d-ab03-c98d389c4979}.Debug|Any CPU.Build.0 = Debug|Any CPU
		{5082ab30-6d9d-1713-64d4-e5c7e13eb7b8}.Debug|Any CPU.ActiveCfg = Debug|Any CPU
		{5082ab30-6d9d-1713-64d4-e5c7e13eb7b8}.Debug|Any CPU.Build.0 = Debug|Any CPU
		{7fb13f7e-2ece-2bfd-3670-166f50a41db1}.Debug|Any CPU.ActiveCfg = Debug|Any CPU
		{7fb13f7e-2ece-2bfd-3670-166f50a41db1}.Debug|Any CPU.Build.0 = Debug|Any CPU
		{5ef78550-4808-9432-74d8-e7397fe37748}.Debug|Any CPU.ActiveCfg = Debug|Any CPU
		{5ef78550-4808-9432-74d8-e7397fe37748}.Debug|Any CPU.Build.0 = Debug|Any CPU
		{5e16d73e-648a-f8b1-89a6-327bda83eb1c}.Debug|Any CPU.ActiveCfg = Debug|Any CPU
		{5e16d73e-648a-f8b1-89a6-327bda83eb1c}.Debug|Any CPU.Build.0 = Debug|Any CPU
		{f06a89e8-7cd0-a6df-e22d-92e0359c5e9a}.Debug|Any CPU.ActiveCfg = Debug|Any CPU
		{f06a89e8-7cd0-a6df-e22d-92e0359c5e9a}.Debug|Any CPU.Build.0 = Debug|Any CPU
		{1c7006ff-367b-7d19-73e6-e4624c257539}.Debug|Any CPU.ActiveCfg = Debug|Any CPU
		{1c7006ff-367b-7d19-73e6-e4624c257539}.Debug|Any CPU.Build.0 = Debug|Any CPU
		{01168f2b-0e42-15f4-e682-538cab30ad28}.Debug|Any CPU.ActiveCfg = Debug|Any CPU
		{01168f2b-0e42-15f4-e682-538cab30ad28}.Debug|Any CPU.Build.0 = Debug|Any CPU
		{c34299d6-b2e5-a16c-2fd1-d44508c2ba15}.Debug|Any CPU.ActiveCfg = Debug|Any CPU
		{c34299d6-b2e5-a16c-2fd1-d44508c2ba15}.Debug|Any CPU.Build.0 = Debug|Any CPU
		{8e1eb977-3013-b81b-68cf-aef3edd0d355}.Debug|Any CPU.ActiveCfg = Debug|Any CPU
		{8e1eb977-3013-b81b-68cf-aef3edd0d355}.Debug|Any CPU.Build.0 = Debug|Any CPU
		{a05e0b9e-aebc-04cd-61c3-7306075841aa}.Debug|Any CPU.ActiveCfg = Debug|Any CPU
		{a05e0b9e-aebc-04cd-61c3-7306075841aa}.Debug|Any CPU.Build.0 = Debug|Any CPU
		{4c6409c4-967f-70f2-1916-1d178d634adc}.Debug|Any CPU.ActiveCfg = Debug|Any CPU
		{4c6409c4-967f-70f2-1916-1d178d634adc}.Debug|Any CPU.Build.0 = Debug|Any CPU
		{874a2606-4d57-8b25-4716-60bd853eeb40}.Debug|Any CPU.ActiveCfg = Debug|Any CPU
		{874a2606-4d57-8b25-4716-60bd853eeb40}.Debug|Any CPU.Build.0 = Debug|Any CPU
		{5a60b713-bd23-7491-220f-1b76aa284d5e}.Debug|Any CPU.ActiveCfg = Debug|Any CPU
		{5a60b713-bd23-7491-220f-1b76aa284d5e}.Debug|Any CPU.Build.0 = Debug|Any CPU
		{5703f168-b1c9-a162-9f86-b3f6126cca6d}.Debug|Any CPU.ActiveCfg = Debug|Any CPU
		{5703f168-b1c9-a162-9f86-b3f6126cca6d}.Debug|Any CPU.Build.0 = Debug|Any CPU
		{d8d86109-cac8-5a53-67fb-4d66afe93ad1}.Debug|Any CPU.ActiveCfg = Debug|Any CPU
		{d8d86109-cac8-5a53-67fb-4d66afe93ad1}.Debug|Any CPU.Build.0 = Debug|Any CPU
		{e12bed7e-50eb-bcef-4c80-31f7d3611bbe}.Debug|Any CPU.ActiveCfg = Debug|Any CPU
		{e12bed7e-50eb-bcef-4c80-31f7d3611bbe}.Debug|Any CPU.Build.0 = Debug|Any CPU
		{47666a05-1262-a893-e7a9-fa237b8e5df7}.Debug|Any CPU.ActiveCfg = Debug|Any CPU
		{47666a05-1262-a893-e7a9-fa237b8e5df7}.Debug|Any CPU.Build.0 = Debug|Any CPU
		{2e60c6be-6c7c-caec-4b90-f246fdd8dbf0}.Debug|Any CPU.ActiveCfg = Debug|Any CPU
		{2e60c6be-6c7c-caec-4b90-f246fdd8dbf0}.Debug|Any CPU.Build.0 = Debug|Any CPU
		{c1d10b3a-54d9-34bb-466e-b079b9fef4c7}.Debug|Any CPU.ActiveCfg = Debug|Any CPU
		{c1d10b3a-54d9-34bb-466e-b079b9fef4c7}.Debug|Any CPU.Build.0 = Debug|Any CPU
	EndGlobalSection
	GlobalSection(SolutionProperties) = preSolution
		HideSolutionNode = FALSE
	EndGlobalSection
EndGlobal
